// !$*UTF8*$!
{
	archiveVersion = 1;
	classes = {
	};
	objectVersion = 46;
	objects = {

/* Begin PBXBuildFile section */
		6E7C68471DD5023D00124182 /* PlayAudioViewController.swift in Sources */ = {isa = PBXBuildFile; fileRef = 6E7C68461DD5023D00124182 /* PlayAudioViewController.swift */; };
		6EBF3B081DD46A8100C8F26A /* AppDelegate.swift in Sources */ = {isa = PBXBuildFile; fileRef = 6EBF3B071DD46A8100C8F26A /* AppDelegate.swift */; };
		6EBF3B0A1DD46A8100C8F26A /* RecordAudioViewController.swift in Sources */ = {isa = PBXBuildFile; fileRef = 6EBF3B091DD46A8100C8F26A /* RecordAudioViewController.swift */; };
		6EBF3B0D1DD46A8100C8F26A /* Main.storyboard in Resources */ = {isa = PBXBuildFile; fileRef = 6EBF3B0B1DD46A8100C8F26A /* Main.storyboard */; };
		6EBF3B121DD46A8100C8F26A /* LaunchScreen.storyboard in Resources */ = {isa = PBXBuildFile; fileRef = 6EBF3B101DD46A8100C8F26A /* LaunchScreen.storyboard */; };
		6EBF3B1D1DD46A8100C8F26A /* PitchPerfectTests.swift in Sources */ = {isa = PBXBuildFile; fileRef = 6EBF3B1C1DD46A8100C8F26A /* PitchPerfectTests.swift */; };
		6EBF3B281DD46A8100C8F26A /* PitchPerfectUITests.swift in Sources */ = {isa = PBXBuildFile; fileRef = 6EBF3B271DD46A8100C8F26A /* PitchPerfectUITests.swift */; };
		6EBF3B361DD4920000C8F26A /* Assets.xcassets in Resources */ = {isa = PBXBuildFile; fileRef = 6EBF3B351DD4920000C8F26A /* Assets.xcassets */; };
		6EF5D6741DD7DB4D00934CB8 /* PlayAudioViewController+Audio.swift in Sources */ = {isa = PBXBuildFile; fileRef = 6EF5D6731DD7DB4D00934CB8 /* PlayAudioViewController+Audio.swift */; };
/* End PBXBuildFile section */

/* Begin PBXContainerItemProxy section */
		6EBF3B191DD46A8100C8F26A /* PBXContainerItemProxy */ = {
			isa = PBXContainerItemProxy;
			containerPortal = 6EBF3AFC1DD46A8100C8F26A /* Project object */;
			proxyType = 1;
			remoteGlobalIDString = 6EBF3B031DD46A8100C8F26A;
			remoteInfo = PitchPerfect;
		};
		6EBF3B241DD46A8100C8F26A /* PBXContainerItemProxy */ = {
			isa = PBXContainerItemProxy;
			containerPortal = 6EBF3AFC1DD46A8100C8F26A /* Project object */;
			proxyType = 1;
			remoteGlobalIDString = 6EBF3B031DD46A8100C8F26A;
			remoteInfo = PitchPerfect;
		};
/* End PBXContainerItemProxy section */

/* Begin PBXFileReference section */
		6E7C68461DD5023D00124182 /* PlayAudioViewController.swift */ = {isa = PBXFileReference; fileEncoding = 4; lastKnownFileType = sourcecode.swift; path = PlayAudioViewController.swift; sourceTree = "<group>"; };
		6EBF3B041DD46A8100C8F26A /* PitchPerfect.app */ = {isa = PBXFileReference; explicitFileType = wrapper.application; includeInIndex = 0; path = PitchPerfect.app; sourceTree = BUILT_PRODUCTS_DIR; };
		6EBF3B071DD46A8100C8F26A /* AppDelegate.swift */ = {isa = PBXFileReference; lastKnownFileType = sourcecode.swift; path = AppDelegate.swift; sourceTree = "<group>"; };
		6EBF3B091DD46A8100C8F26A /* RecordAudioViewController.swift */ = {isa = PBXFileReference; lastKnownFileType = sourcecode.swift; path = RecordAudioViewController.swift; sourceTree = "<group>"; };
		6EBF3B0C1DD46A8100C8F26A /* Base */ = {isa = PBXFileReference; lastKnownFileType = file.storyboard; name = Base; path = Base.lproj/Main.storyboard; sourceTree = "<group>"; };
		6EBF3B111DD46A8100C8F26A /* Base */ = {isa = PBXFileReference; lastKnownFileType = file.storyboard; name = Base; path = Base.lproj/LaunchScreen.storyboard; sourceTree = "<group>"; };
		6EBF3B131DD46A8100C8F26A /* Info.plist */ = {isa = PBXFileReference; lastKnownFileType = text.plist.xml; path = Info.plist; sourceTree = "<group>"; };
		6EBF3B181DD46A8100C8F26A /* PitchPerfectTests.xctest */ = {isa = PBXFileReference; explicitFileType = wrapper.cfbundle; includeInIndex = 0; path = PitchPerfectTests.xctest; sourceTree = BUILT_PRODUCTS_DIR; };
		6EBF3B1C1DD46A8100C8F26A /* PitchPerfectTests.swift */ = {isa = PBXFileReference; lastKnownFileType = sourcecode.swift; path = PitchPerfectTests.swift; sourceTree = "<group>"; };
		6EBF3B1E1DD46A8100C8F26A /* Info.plist */ = {isa = PBXFileReference; lastKnownFileType = text.plist.xml; path = Info.plist; sourceTree = "<group>"; };
		6EBF3B231DD46A8100C8F26A /* PitchPerfectUITests.xctest */ = {isa = PBXFileReference; explicitFileType = wrapper.cfbundle; includeInIndex = 0; path = PitchPerfectUITests.xctest; sourceTree = BUILT_PRODUCTS_DIR; };
		6EBF3B271DD46A8100C8F26A /* PitchPerfectUITests.swift */ = {isa = PBXFileReference; lastKnownFileType = sourcecode.swift; path = PitchPerfectUITests.swift; sourceTree = "<group>"; };
		6EBF3B291DD46A8100C8F26A /* Info.plist */ = {isa = PBXFileReference; lastKnownFileType = text.plist.xml; path = Info.plist; sourceTree = "<group>"; };
		6EBF3B351DD4920000C8F26A /* Assets.xcassets */ = {isa = PBXFileReference; lastKnownFileType = folder.assetcatalog; path = Assets.xcassets; sourceTree = "<group>"; };
		6EF5D6731DD7DB4D00934CB8 /* PlayAudioViewController+Audio.swift */ = {isa = PBXFileReference; fileEncoding = 4; lastKnownFileType = sourcecode.swift; path = "PlayAudioViewController+Audio.swift"; sourceTree = "<group>"; };
/* End PBXFileReference section */

/* Begin PBXFrameworksBuildPhase section */
		6EBF3B011DD46A8100C8F26A /* Frameworks */ = {
			isa = PBXFrameworksBuildPhase;
			buildActionMask = 2147483647;
			files = (
			);
			runOnlyForDeploymentPostprocessing = 0;
		};
		6EBF3B151DD46A8100C8F26A /* Frameworks */ = {
			isa = PBXFrameworksBuildPhase;
			buildActionMask = 2147483647;
			files = (
			);
			runOnlyForDeploymentPostprocessing = 0;
		};
		6EBF3B201DD46A8100C8F26A /* Frameworks */ = {
			isa = PBXFrameworksBuildPhase;
			buildActionMask = 2147483647;
			files = (
			);
			runOnlyForDeploymentPostprocessing = 0;
		};
/* End PBXFrameworksBuildPhase section */

/* Begin PBXGroup section */
		6EBF3AFB1DD46A8100C8F26A = {
			isa = PBXGroup;
			children = (
				6EBF3B061DD46A8100C8F26A /* PitchPerfect */,
				6EBF3B1B1DD46A8100C8F26A /* PitchPerfectTests */,
				6EBF3B261DD46A8100C8F26A /* PitchPerfectUITests */,
				6EBF3B051DD46A8100C8F26A /* Products */,
			);
			sourceTree = "<group>";
		};
		6EBF3B051DD46A8100C8F26A /* Products */ = {
			isa = PBXGroup;
			children = (
				6EBF3B041DD46A8100C8F26A /* PitchPerfect.app */,
				6EBF3B181DD46A8100C8F26A /* PitchPerfectTests.xctest */,
				6EBF3B231DD46A8100C8F26A /* PitchPerfectUITests.xctest */,
			);
			name = Products;
			sourceTree = "<group>";
		};
		6EBF3B061DD46A8100C8F26A /* PitchPerfect */ = {
			isa = PBXGroup;
			children = (
				6EBF3B071DD46A8100C8F26A /* AppDelegate.swift */,
				6EBF3B091DD46A8100C8F26A /* RecordAudioViewController.swift */,
				6E7C68461DD5023D00124182 /* PlayAudioViewController.swift */,
				6EF5D6731DD7DB4D00934CB8 /* PlayAudioViewController+Audio.swift */,
				6EBF3B351DD4920000C8F26A /* Assets.xcassets */,
				6EBF3B0B1DD46A8100C8F26A /* Main.storyboard */,
				6EBF3B101DD46A8100C8F26A /* LaunchScreen.storyboard */,
				6EBF3B131DD46A8100C8F26A /* Info.plist */,
			);
			path = PitchPerfect;
			sourceTree = "<group>";
		};
		6EBF3B1B1DD46A8100C8F26A /* PitchPerfectTests */ = {
			isa = PBXGroup;
			children = (
				6EBF3B1C1DD46A8100C8F26A /* PitchPerfectTests.swift */,
				6EBF3B1E1DD46A8100C8F26A /* Info.plist */,
			);
			path = PitchPerfectTests;
			sourceTree = "<group>";
		};
		6EBF3B261DD46A8100C8F26A /* PitchPerfectUITests */ = {
			isa = PBXGroup;
			children = (
				6EBF3B271DD46A8100C8F26A /* PitchPerfectUITests.swift */,
				6EBF3B291DD46A8100C8F26A /* Info.plist */,
			);
			path = PitchPerfectUITests;
			sourceTree = "<group>";
		};
/* End PBXGroup section */

/* Begin PBXNativeTarget section */
		6EBF3B031DD46A8100C8F26A /* PitchPerfect */ = {
			isa = PBXNativeTarget;
			buildConfigurationList = 6EBF3B2C1DD46A8100C8F26A /* Build configuration list for PBXNativeTarget "PitchPerfect" */;
			buildPhases = (
				6EBF3B001DD46A8100C8F26A /* Sources */,
				6EBF3B011DD46A8100C8F26A /* Frameworks */,
				6EBF3B021DD46A8100C8F26A /* Resources */,
			);
			buildRules = (
			);
			dependencies = (
			);
			name = PitchPerfect;
			productName = PitchPerfect;
			productReference = 6EBF3B041DD46A8100C8F26A /* PitchPerfect.app */;
			productType = "com.apple.product-type.application";
		};
		6EBF3B171DD46A8100C8F26A /* PitchPerfectTests */ = {
			isa = PBXNativeTarget;
			buildConfigurationList = 6EBF3B2F1DD46A8100C8F26A /* Build configuration list for PBXNativeTarget "PitchPerfectTests" */;
			buildPhases = (
				6EBF3B141DD46A8100C8F26A /* Sources */,
				6EBF3B151DD46A8100C8F26A /* Frameworks */,
				6EBF3B161DD46A8100C8F26A /* Resources */,
			);
			buildRules = (
			);
			dependencies = (
				6EBF3B1A1DD46A8100C8F26A /* PBXTargetDependency */,
			);
			name = PitchPerfectTests;
			productName = PitchPerfectTests;
			productReference = 6EBF3B181DD46A8100C8F26A /* PitchPerfectTests.xctest */;
			productType = "com.apple.product-type.bundle.unit-test";
		};
		6EBF3B221DD46A8100C8F26A /* PitchPerfectUITests */ = {
			isa = PBXNativeTarget;
			buildConfigurationList = 6EBF3B321DD46A8100C8F26A /* Build configuration list for PBXNativeTarget "PitchPerfectUITests" */;
			buildPhases = (
				6EBF3B1F1DD46A8100C8F26A /* Sources */,
				6EBF3B201DD46A8100C8F26A /* Frameworks */,
				6EBF3B211DD46A8100C8F26A /* Resources */,
			);
			buildRules = (
			);
			dependencies = (
				6EBF3B251DD46A8100C8F26A /* PBXTargetDependency */,
			);
			name = PitchPerfectUITests;
			productName = PitchPerfectUITests;
			productReference = 6EBF3B231DD46A8100C8F26A /* PitchPerfectUITests.xctest */;
			productType = "com.apple.product-type.bundle.ui-testing";
		};
/* End PBXNativeTarget section */

/* Begin PBXProject section */
		6EBF3AFC1DD46A8100C8F26A /* Project object */ = {
			isa = PBXProject;
			attributes = {
				LastSwiftUpdateCheck = 0810;
				LastUpgradeCheck = 0810;
				ORGANIZATIONNAME = "Zulwiyoza Putra";
				TargetAttributes = {
					6EBF3B031DD46A8100C8F26A = {
						CreatedOnToolsVersion = 8.1;
						DevelopmentTeam = 44VVQHZS45;
						ProvisioningStyle = Automatic;
					};
					6EBF3B171DD46A8100C8F26A = {
						CreatedOnToolsVersion = 8.1;
						DevelopmentTeam = 44VVQHZS45;
						ProvisioningStyle = Automatic;
						TestTargetID = 6EBF3B031DD46A8100C8F26A;
					};
					6EBF3B221DD46A8100C8F26A = {
						CreatedOnToolsVersion = 8.1;
						DevelopmentTeam = 44VVQHZS45;
						ProvisioningStyle = Automatic;
						TestTargetID = 6EBF3B031DD46A8100C8F26A;
					};
				};
			};
			buildConfigurationList = 6EBF3AFF1DD46A8100C8F26A /* Build configuration list for PBXProject "PitchPerfect" */;
			compatibilityVersion = "Xcode 3.2";
			developmentRegion = English;
			hasScannedForEncodings = 0;
			knownRegions = (
				en,
				Base,
			);
			mainGroup = 6EBF3AFB1DD46A8100C8F26A;
			productRefGroup = 6EBF3B051DD46A8100C8F26A /* Products */;
			projectDirPath = "";
			projectRoot = "";
			targets = (
				6EBF3B031DD46A8100C8F26A /* PitchPerfect */,
				6EBF3B171DD46A8100C8F26A /* PitchPerfectTests */,
				6EBF3B221DD46A8100C8F26A /* PitchPerfectUITests */,
			);
		};
/* End PBXProject section */

/* Begin PBXResourcesBuildPhase section */
		6EBF3B021DD46A8100C8F26A /* Resources */ = {
			isa = PBXResourcesBuildPhase;
			buildActionMask = 2147483647;
			files = (
				6EBF3B121DD46A8100C8F26A /* LaunchScreen.storyboard in Resources */,
				6EBF3B361DD4920000C8F26A /* Assets.xcassets in Resources */,
				6EBF3B0D1DD46A8100C8F26A /* Main.storyboard in Resources */,
			);
			runOnlyForDeploymentPostprocessing = 0;
		};
		6EBF3B161DD46A8100C8F26A /* Resources */ = {
			isa = PBXResourcesBuildPhase;
			buildActionMask = 2147483647;
			files = (
			);
			runOnlyForDeploymentPostprocessing = 0;
		};
		6EBF3B211DD46A8100C8F26A /* Resources */ = {
			isa = PBXResourcesBuildPhase;
			buildActionMask = 2147483647;
			files = (
			);
			runOnlyForDeploymentPostprocessing = 0;
		};
/* End PBXResourcesBuildPhase section */

/* Begin PBXSourcesBuildPhase section */
		6EBF3B001DD46A8100C8F26A /* Sources */ = {
			isa = PBXSourcesBuildPhase;
			buildActionMask = 2147483647;
			files = (
				6EBF3B0A1DD46A8100C8F26A /* RecordAudioViewController.swift in Sources */,
				6EBF3B081DD46A8100C8F26A /* AppDelegate.swift in Sources */,
				6EF5D6741DD7DB4D00934CB8 /* PlayAudioViewController+Audio.swift in Sources */,
				6E7C68471DD5023D00124182 /* PlayAudioViewController.swift in Sources */,
			);
			runOnlyForDeploymentPostprocessing = 0;
		};
		6EBF3B141DD46A8100C8F26A /* Sources */ = {
			isa = PBXSourcesBuildPhase;
			buildActionMask = 2147483647;
			files = (
				6EBF3B1D1DD46A8100C8F26A /* PitchPerfectTests.swift in Sources */,
			);
			runOnlyForDeploymentPostprocessing = 0;
		};
		6EBF3B1F1DD46A8100C8F26A /* Sources */ = {
			isa = PBXSourcesBuildPhase;
			buildActionMask = 2147483647;
			files = (
				6EBF3B281DD46A8100C8F26A /* PitchPerfectUITests.swift in Sources */,
			);
			runOnlyForDeploymentPostprocessing = 0;
		};
/* End PBXSourcesBuildPhase section */

/* Begin PBXTargetDependency section */
		6EBF3B1A1DD46A8100C8F26A /* PBXTargetDependency */ = {
			isa = PBXTargetDependency;
			target = 6EBF3B031DD46A8100C8F26A /* PitchPerfect */;
			targetProxy = 6EBF3B191DD46A8100C8F26A /* PBXContainerItemProxy */;
		};
		6EBF3B251DD46A8100C8F26A /* PBXTargetDependency */ = {
			isa = PBXTargetDependency;
			target = 6EBF3B031DD46A8100C8F26A /* PitchPerfect */;
			targetProxy = 6EBF3B241DD46A8100C8F26A /* PBXContainerItemProxy */;
		};
/* End PBXTargetDependency section */

/* Begin PBXVariantGroup section */
		6EBF3B0B1DD46A8100C8F26A /* Main.storyboard */ = {
			isa = PBXVariantGroup;
			children = (
				6EBF3B0C1DD46A8100C8F26A /* Base */,
			);
			name = Main.storyboard;
			sourceTree = "<group>";
		};
		6EBF3B101DD46A8100C8F26A /* LaunchScreen.storyboard */ = {
			isa = PBXVariantGroup;
			children = (
				6EBF3B111DD46A8100C8F26A /* Base */,
			);
			name = LaunchScreen.storyboard;
			sourceTree = "<group>";
		};
/* End PBXVariantGroup section */

/* Begin XCBuildConfiguration section */
		6EBF3B2A1DD46A8100C8F26A /* Debug */ = {
			isa = XCBuildConfiguration;
			buildSettings = {
				ALWAYS_SEARCH_USER_PATHS = NO;
				CLANG_ANALYZER_NONNULL = YES;
				CLANG_CXX_LANGUAGE_STANDARD = "gnu++0x";
				CLANG_CXX_LIBRARY = "libc++";
				CLANG_ENABLE_MODULES = YES;
				CLANG_ENABLE_OBJC_ARC = YES;
				CLANG_WARN_BOOL_CONVERSION = YES;
				CLANG_WARN_CONSTANT_CONVERSION = YES;
				CLANG_WARN_DIRECT_OBJC_ISA_USAGE = YES_ERROR;
				CLANG_WARN_DOCUMENTATION_COMMENTS = YES;
				CLANG_WARN_EMPTY_BODY = YES;
				CLANG_WARN_ENUM_CONVERSION = YES;
				CLANG_WARN_INFINITE_RECURSION = YES;
				CLANG_WARN_INT_CONVERSION = YES;
				CLANG_WARN_OBJC_ROOT_CLASS = YES_ERROR;
				CLANG_WARN_SUSPICIOUS_MOVES = YES;
				CLANG_WARN_UNREACHABLE_CODE = YES;
				CLANG_WARN__DUPLICATE_METHOD_MATCH = YES;
				"CODE_SIGN_IDENTITY[sdk=iphoneos*]" = "iPhone Developer";
				COPY_PHASE_STRIP = NO;
				DEBUG_INFORMATION_FORMAT = dwarf;
				ENABLE_STRICT_OBJC_MSGSEND = YES;
				ENABLE_TESTABILITY = YES;
				GCC_C_LANGUAGE_STANDARD = gnu99;
				GCC_DYNAMIC_NO_PIC = NO;
				GCC_NO_COMMON_BLOCKS = YES;
				GCC_OPTIMIZATION_LEVEL = 0;
				GCC_PREPROCESSOR_DEFINITIONS = (
					"DEBUG=1",
					"$(inherited)",
				);
				GCC_WARN_64_TO_32_BIT_CONVERSION = YES;
				GCC_WARN_ABOUT_RETURN_TYPE = YES_ERROR;
				GCC_WARN_UNDECLARED_SELECTOR = YES;
				GCC_WARN_UNINITIALIZED_AUTOS = YES_AGGRESSIVE;
				GCC_WARN_UNUSED_FUNCTION = YES;
				GCC_WARN_UNUSED_VARIABLE = YES;
				IPHONEOS_DEPLOYMENT_TARGET = 10.1;
				MTL_ENABLE_DEBUG_INFO = YES;
				ONLY_ACTIVE_ARCH = YES;
				SDKROOT = iphoneos;
				SWIFT_ACTIVE_COMPILATION_CONDITIONS = DEBUG;
				SWIFT_OPTIMIZATION_LEVEL = "-Onone";
			};
			name = Debug;
		};
		6EBF3B2B1DD46A8100C8F26A /* Release */ = {
			isa = XCBuildConfiguration;
			buildSettings = {
				ALWAYS_SEARCH_USER_PATHS = NO;
				CLANG_ANALYZER_NONNULL = YES;
				CLANG_CXX_LANGUAGE_STANDARD = "gnu++0x";
				CLANG_CXX_LIBRARY = "libc++";
				CLANG_ENABLE_MODULES = YES;
				CLANG_ENABLE_OBJC_ARC = YES;
				CLANG_WARN_BOOL_CONVERSION = YES;
				CLANG_WARN_CONSTANT_CONVERSION = YES;
				CLANG_WARN_DIRECT_OBJC_ISA_USAGE = YES_ERROR;
				CLANG_WARN_DOCUMENTATION_COMMENTS = YES;
				CLANG_WARN_EMPTY_BODY = YES;
				CLANG_WARN_ENUM_CONVERSION = YES;
				CLANG_WARN_INFINITE_RECURSION = YES;
				CLANG_WARN_INT_CONVERSION = YES;
				CLANG_WARN_OBJC_ROOT_CLASS = YES_ERROR;
				CLANG_WARN_SUSPICIOUS_MOVES = YES;
				CLANG_WARN_UNREACHABLE_CODE = YES;
				CLANG_WARN__DUPLICATE_METHOD_MATCH = YES;
				"CODE_SIGN_IDENTITY[sdk=iphoneos*]" = "iPhone Developer";
				COPY_PHASE_STRIP = NO;
				DEBUG_INFORMATION_FORMAT = "dwarf-with-dsym";
				ENABLE_NS_ASSERTIONS = NO;
				ENABLE_STRICT_OBJC_MSGSEND = YES;
				GCC_C_LANGUAGE_STANDARD = gnu99;
				GCC_NO_COMMON_BLOCKS = YES;
				GCC_WARN_64_TO_32_BIT_CONVERSION = YES;
				GCC_WARN_ABOUT_RETURN_TYPE = YES_ERROR;
				GCC_WARN_UNDECLARED_SELECTOR = YES;
				GCC_WARN_UNINITIALIZED_AUTOS = YES_AGGRESSIVE;
				GCC_WARN_UNUSED_FUNCTION = YES;
				GCC_WARN_UNUSED_VARIABLE = YES;
				IPHONEOS_DEPLOYMENT_TARGET = 10.1;
				MTL_ENABLE_DEBUG_INFO = NO;
				SDKROOT = iphoneos;
				SWIFT_OPTIMIZATION_LEVEL = "-Owholemodule";
				VALIDATE_PRODUCT = YES;
			};
			name = Release;
		};
		6EBF3B2D1DD46A8100C8F26A /* Debug */ = {
			isa = XCBuildConfiguration;
			buildSettings = {
				ASSETCATALOG_COMPILER_APPICON_NAME = AppIcon;
				DEVELOPMENT_TEAM = 44VVQHZS45;
				INFOPLIST_FILE = PitchPerfect/Info.plist;
				LD_RUNPATH_SEARCH_PATHS = "$(inherited) @executable_path/Frameworks";
				PRODUCT_BUNDLE_IDENTIFIER = com.zulwiyozaputra.PitchPerfect;
				PRODUCT_NAME = "$(TARGET_NAME)";
				SWIFT_VERSION = 3.0;
			};
			name = Debug;
		};
		6EBF3B2E1DD46A8100C8F26A /* Release */ = {
			isa = XCBuildConfiguration;
			buildSettings = {
				ASSETCATALOG_COMPILER_APPICON_NAME = AppIcon;
				DEVELOPMENT_TEAM = 44VVQHZS45;
				INFOPLIST_FILE = PitchPerfect/Info.plist;
				LD_RUNPATH_SEARCH_PATHS = "$(inherited) @executable_path/Frameworks";
				PRODUCT_BUNDLE_IDENTIFIER = com.zulwiyozaputra.PitchPerfect;
				PRODUCT_NAME = "$(TARGET_NAME)";
				SWIFT_VERSION = 3.0;
			};
			name = Release;
		};
		6EBF3B301DD46A8100C8F26A /* Debug */ = {
			isa = XCBuildConfiguration;
			buildSettings = {
				ALWAYS_EMBED_SWIFT_STANDARD_LIBRARIES = YES;
				BUNDLE_LOADER = "$(TEST_HOST)";
				DEVELOPMENT_TEAM = 44VVQHZS45;
				INFOPLIST_FILE = PitchPerfectTests/Info.plist;
				LD_RUNPATH_SEARCH_PATHS = "$(inherited) @executable_path/Frameworks @loader_path/Frameworks";
				PRODUCT_BUNDLE_IDENTIFIER = com.zulwiyozaputra.PitchPerfectTests;
				PRODUCT_NAME = "$(TARGET_NAME)";
				SWIFT_VERSION = 3.0;
				TEST_HOST = "$(BUILT_PRODUCTS_DIR)/PitchPerfect.app/PitchPerfect";
			};
			name = Debug;
		};
		6EBF3B311DD46A8100C8F26A /* Release */ = {
			isa = XCBuildConfiguration;
			buildSettings = {
				ALWAYS_EMBED_SWIFT_STANDARD_LIBRARIES = YES;
				BUNDLE_LOADER = "$(TEST_HOST)";
				DEVELOPMENT_TEAM = 44VVQHZS45;
				INFOPLIST_FILE = PitchPerfectTests/Info.plist;
				LD_RUNPATH_SEARCH_PATHS = "$(inherited) @executable_path/Frameworks @loader_path/Frameworks";
				PRODUCT_BUNDLE_IDENTIFIER = com.zulwiyozaputra.PitchPerfectTests;
				PRODUCT_NAME = "$(TARGET_NAME)";
				SWIFT_VERSION = 3.0;
				TEST_HOST = "$(BUILT_PRODUCTS_DIR)/PitchPerfect.app/PitchPerfect";
			};
			name = Release;
		};
		6EBF3B331DD46A8100C8F26A /* Debug */ = {
			isa = XCBuildConfiguration;
			buildSettings = {
				ALWAYS_EMBED_SWIFT_STANDARD_LIBRARIES = YES;
				DEVELOPMENT_TEAM = 44VVQHZS45;
				INFOPLIST_FILE = PitchPerfectUITests/Info.plist;
				LD_RUNPATH_SEARCH_PATHS = "$(inherited) @executable_path/Frameworks @loader_path/Frameworks";
				PRODUCT_BUNDLE_IDENTIFIER = com.zulwiyozaputra.PitchPerfectUITests;
				PRODUCT_NAME = "$(TARGET_NAME)";
				SWIFT_VERSION = 3.0;
				TEST_TARGET_NAME = PitchPerfect;
			};
			name = Debug;
		};
		6EBF3B341DD46A8100C8F26A /* Release */ = {
			isa = XCBuildConfiguration;
			buildSettings = {
				ALWAYS_EMBED_SWIFT_STANDARD_LIBRARIES = YES;
				DEVELOPMENT_TEAM = 44VVQHZS45;
				INFOPLIST_FILE = PitchPerfectUITests/Info.plist;
				LD_RUNPATH_SEARCH_PATHS = "$(inherited) @executable_path/Frameworks @loader_path/Frameworks";
				PRODUCT_BUNDLE_IDENTIFIER = com.zulwiyozaputra.PitchPerfectUITests;
				PRODUCT_NAME = "$(TARGET_NAME)";
				SWIFT_VERSION = 3.0;
				TEST_TARGET_NAME = PitchPerfect;
			};
			name = Release;
		};
/* End XCBuildConfiguration section */

/* Begin XCConfigurationList section */
		6EBF3AFF1DD46A8100C8F26A /* Build configuration list for PBXProject "PitchPerfect" */ = {
			isa = XCConfigurationList;
			buildConfigurations = (
				6EBF3B2A1DD46A8100C8F26A /* Debug */,
				6EBF3B2B1DD46A8100C8F26A /* Release */,
			);
			defaultConfigurationIsVisible = 0;
			defaultConfigurationName = Release;
		};
		6EBF3B2C1DD46A8100C8F26A /* Build configuration list for PBXNativeTarget "PitchPerfect" */ = {
			isa = XCConfigurationList;
			buildConfigurations = (
				6EBF3B2D1DD46A8100C8F26A /* Debug */,
				6EBF3B2E1DD46A8100C8F26A /* Release */,
			);
			defaultConfigurationIsVisible = 0;
			defaultConfigurationName = Release;
		};
		6EBF3B2F1DD46A8100C8F26A /* Build configuration list for PBXNativeTarget "PitchPerfectTests" */ = {
			isa = XCConfigurationList;
			buildConfigurations = (
				6EBF3B301DD46A8100C8F26A /* Debug */,
				6EBF3B311DD46A8100C8F26A /* Release */,
			);
			defaultConfigurationIsVisible = 0;
			defaultConfigurationName = Release;
		};
		6EBF3B321DD46A8100C8F26A /* Build configuration list for PBXNativeTarget "PitchPerfectUITests" */ = {
			isa = XCConfigurationList;
			buildConfigurations = (
				6EBF3B331DD46A8100C8F26A /* Debug */,
				6EBF3B341DD46A8100C8F26A /* Release */,
			);
			defaultConfigurationIsVisible = 0;
			defaultConfigurationName = Release;
		};
/* End XCConfigurationList section */
	};
	rootObject = 6EBF3AFC1DD46A8100C8F26A /* Project object */;
}
